
Microsoft Visual Studio Solution File, Format Version 12.00
# Visual Studio Version 17
VisualStudioVersion = 17.14.36203.30 d17.14
MinimumVisualStudioVersion = 10.0.40219.1
Project("{FAE04EC0-301F-11D3-BF4B-00C04F79EFBC}") = "EF10_Activity0301", "EF10_Activity0301\EF10_Activity0301.csproj", "{707ED7CB-245B-4B86-9C0B-F6B149737E5C}"
EndProject
Project("{FAE04EC0-301F-11D3-BF4B-00C04F79EFBC}") = "EF10_AWDBLibrary", "EF10_AWDBLibrary\EF10_AWDBLibrary.csproj", "{C2E6AF68-7A9F-8C1A-0FE6-8A925E23F208}"
EndProject
Global
	GlobalSection(SolutionConfigurationPlatforms) = preSolution
		Debug|Any CPU = Debug|Any CPU
		Release|Any CPU = Release|Any CPU
	EndGlobalSection
	GlobalSection(ProjectConfigurationPlatforms) = postSolution
		{707ED7CB-245B-4B86-9C0B-F6B149737E5C}.Debug|Any CPU.ActiveCfg = Debug|Any CPU
		{707ED7CB-245B-4B86-9C0B-F6B149737E5C}.Debug|Any CPU.Build.0 = Debug|Any CPU
		{707ED7CB-245B-4B86-9C0B-F6B149737E5C}.Release|Any CPU.ActiveCfg = Release|Any CPU
		{707ED7CB-245B-4B86-9C0B-F6B149737E5C}.Release|Any CPU.Build.0 = Release|Any CPU
		{C2E6AF68-7A9F-8C1A-0FE6-8A925E23F208}.Debug|Any CPU.ActiveCfg = Debug|Any CPU
		{C2E6AF68-7A9F-8C1A-0FE6-8A925E23F208}.Debug|Any CPU.Build.0 = Debug|Any CPU
		{C2E6AF68-7A9F-8C1A-0FE6-8A925E23F208}.Release|Any CPU.ActiveCfg = Release|Any CPU
		{C2E6AF68-7A9F-8C1A-0FE6-8A925E23F208}.Release|Any CPU.Build.0 = Release|Any CPU
	EndGlobalSection
	GlobalSection(SolutionProperties) = preSolution
		HideSolutionNode = FALSE
	EndGlobalSection
	GlobalSection(ExtensibilityGlobals) = postSolution
		SolutionGuid = {BA53A053-D6FF-4C29-82ED-74D9DA187133}
	EndGlobalSection
EndGlobal
