
Microsoft Visual Studio Solution File, Format Version 12.00
# Visual Studio Version 17
VisualStudioVersion = 17.0.31903.59
MinimumVisualStudioVersion = 10.0.40219.1
Project("{FAE04EC0-301F-11D3-BF4B-00C04F79EFBC}") = "EF_ConsoleProgram", "EF_ConsoleProgram\EF_ConsoleProgram.csproj", "{E329775F-D99A-431D-803E-D287C8B0E024}"
EndProject
Project("{FAE04EC0-301F-11D3-BF4B-00C04F79EFBC}") = "EF_DBLibrary", "EF_DBLibrary\EF_DBLibrary.csproj", "{037EA55F-4E88-44E1-BCCE-463FCD552F13}"
EndProject
Global
	GlobalSection(SolutionConfigurationPlatforms) = preSolution
		Debug|Any CPU = Debug|Any CPU
		Debug|x64 = Debug|x64
		Debug|x86 = Debug|x86
		Release|Any CPU = Release|Any CPU
		Release|x64 = Release|x64
		Release|x86 = Release|x86
	EndGlobalSection
	GlobalSection(ProjectConfigurationPlatforms) = postSolution
		{E329775F-D99A-431D-803E-D287C8B0E024}.Debug|Any CPU.ActiveCfg = Debug|Any CPU
		{E329775F-D99A-431D-803E-D287C8B0E024}.Debug|Any CPU.Build.0 = Debug|Any CPU
		{E329775F-D99A-431D-803E-D287C8B0E024}.Debug|x64.ActiveCfg = Debug|Any CPU
		{E329775F-D99A-431D-803E-D287C8B0E024}.Debug|x64.Build.0 = Debug|Any CPU
		{E329775F-D99A-431D-803E-D287C8B0E024}.Debug|x86.ActiveCfg = Debug|Any CPU
		{E329775F-D99A-431D-803E-D287C8B0E024}.Debug|x86.Build.0 = Debug|Any CPU
		{E329775F-D99A-431D-803E-D287C8B0E024}.Release|Any CPU.ActiveCfg = Release|Any CPU
		{E329775F-D99A-431D-803E-D287C8B0E024}.Release|Any CPU.Build.0 = Release|Any CPU
		{E329775F-D99A-431D-803E-D287C8B0E024}.Release|x64.ActiveCfg = Release|Any CPU
		{E329775F-D99A-431D-803E-D287C8B0E024}.Release|x64.Build.0 = Release|Any CPU
		{E329775F-D99A-431D-803E-D287C8B0E024}.Release|x86.ActiveCfg = Release|Any CPU
		{E329775F-D99A-431D-803E-D287C8B0E024}.Release|x86.Build.0 = Release|Any CPU
		{037EA55F-4E88-44E1-BCCE-463FCD552F13}.Debug|Any CPU.ActiveCfg = Debug|Any CPU
		{037EA55F-4E88-44E1-BCCE-463FCD552F13}.Debug|Any CPU.Build.0 = Debug|Any CPU
		{037EA55F-4E88-44E1-BCCE-463FCD552F13}.Debug|x64.ActiveCfg = Debug|Any CPU
		{037EA55F-4E88-44E1-BCCE-463FCD552F13}.Debug|x64.Build.0 = Debug|Any CPU
		{037EA55F-4E88-44E1-BCCE-463FCD552F13}.Debug|x86.ActiveCfg = Debug|Any CPU
		{037EA55F-4E88-44E1-BCCE-463FCD552F13}.Debug|x86.Build.0 = Debug|Any CPU
		{037EA55F-4E88-44E1-BCCE-463FCD552F13}.Release|Any CPU.ActiveCfg = Release|Any CPU
		{037EA55F-4E88-44E1-BCCE-463FCD552F13}.Release|Any CPU.Build.0 = Release|Any CPU
		{037EA55F-4E88-44E1-BCCE-463FCD552F13}.Release|x64.ActiveCfg = Release|Any CPU
		{037EA55F-4E88-44E1-BCCE-463FCD552F13}.Release|x64.Build.0 = Release|Any CPU
		{037EA55F-4E88-44E1-BCCE-463FCD552F13}.Release|x86.ActiveCfg = Release|Any CPU
		{037EA55F-4E88-44E1-BCCE-463FCD552F13}.Release|x86.Build.0 = Release|Any CPU
	EndGlobalSection
	GlobalSection(SolutionProperties) = preSolution
		HideSolutionNode = FALSE
	EndGlobalSection
EndGlobal
